
Microsoft Visual Studio Solution File, Format Version 12.00
# Visual Studio Version 17
VisualStudioVersion = 17.4.33122.133
MinimumVisualStudioVersion = 10.0.40219.1
Project("{9A19103F-16F7-4668-BE54-9A1E7A4F7556}") = "Annotating.Zhouyi", "Annotating.Zhouyi\Annotating.Zhouyi.csproj", "{FC43D5DD-3F35-47D7-8F9F-81F8064E31E9}"
EndProject
Project("{9A19103F-16F7-4668-BE54-9A1E7A4F7556}") = "ZhouyiGenerator", "ZhouyiGenerator\ZhouyiGenerator.csproj", "{1FA67362-9D53-4680-8D89-EB025517270B}"
EndProject
Project("{9A19103F-16F7-4668-BE54-9A1E7A4F7556}") = "ZhouyiPrinter", "ZhouyiPrinter\ZhouyiPrinter.csproj", "{D887A10C-9B94-4210-8087-613D10EAC4A7}"
EndProject
Global
	GlobalSection(SolutionConfigurationPlatforms) = preSolution
		Debug|Any CPU = Debug|Any CPU
		Release|Any CPU = Release|Any CPU
	EndGlobalSection
	GlobalSection(ProjectConfigurationPlatforms) = postSolution
		{FC43D5DD-3F35-47D7-8F9F-81F8064E31E9}.Debug|Any CPU.ActiveCfg = Debug|Any CPU
		{FC43D5DD-3F35-47D7-8F9F-81F8064E31E9}.Debug|Any CPU.Build.0 = Debug|Any CPU
		{FC43D5DD-3F35-47D7-8F9F-81F8064E31E9}.Release|Any CPU.ActiveCfg = Release|Any CPU
		{FC43D5DD-3F35-47D7-8F9F-81F8064E31E9}.Release|Any CPU.Build.0 = Release|Any CPU
		{1FA67362-9D53-4680-8D89-EB025517270B}.Debug|Any CPU.ActiveCfg = Debug|Any CPU
		{1FA67362-9D53-4680-8D89-EB025517270B}.Debug|Any CPU.Build.0 = Debug|Any CPU
		{1FA67362-9D53-4680-8D89-EB025517270B}.Release|Any CPU.ActiveCfg = Release|Any CPU
		{1FA67362-9D53-4680-8D89-EB025517270B}.Release|Any CPU.Build.0 = Release|Any CPU
		{D887A10C-9B94-4210-8087-613D10EAC4A7}.Debug|Any CPU.ActiveCfg = Debug|Any CPU
		{D887A10C-9B94-4210-8087-613D10EAC4A7}.Debug|Any CPU.Build.0 = Debug|Any CPU
		{D887A10C-9B94-4210-8087-613D10EAC4A7}.Release|Any CPU.ActiveCfg = Release|Any CPU
		{D887A10C-9B94-4210-8087-613D10EAC4A7}.Release|Any CPU.Build.0 = Release|Any CPU
	EndGlobalSection
	GlobalSection(SolutionProperties) = preSolution
		HideSolutionNode = FALSE
	EndGlobalSection
	GlobalSection(ExtensibilityGlobals) = postSolution
		SolutionGuid = {5AD9B484-E03B-4853-AE90-AF25B99F3BE5}
	EndGlobalSection
EndGlobal
